// !$*UTF8*$!
{
	archiveVersion = 1;
	classes = {
	};
	objectVersion = 56;
	objects = {

/* Begin PBXBuildFile section */
		01C857762BAB01AD0096C447 /* Avans_IOSApp.swift in Sources */ = {isa = PBXBuildFile; fileRef = 01C857752BAB01AD0096C447 /* Avans_IOSApp.swift */; };
		01C857782BAB01AD0096C447 /* ContentView.swift in Sources */ = {isa = PBXBuildFile; fileRef = 01C857772BAB01AD0096C447 /* ContentView.swift */; };
		01C8577A2BAB01AD0096C447 /* Item.swift in Sources */ = {isa = PBXBuildFile; fileRef = 01C857792BAB01AD0096C447 /* Item.swift */; };
		01C8577C2BAB01AF0096C447 /* Assets.xcassets in Resources */ = {isa = PBXBuildFile; fileRef = 01C8577B2BAB01AF0096C447 /* Assets.xcassets */; };
		01C8577F2BAB01AF0096C447 /* Preview Assets.xcassets in Resources */ = {isa = PBXBuildFile; fileRef = 01C8577E2BAB01AF0096C447 /* Preview Assets.xcassets */; };
		01C857892BAB01B00096C447 /* Avans_IOSTests.swift in Sources */ = {isa = PBXBuildFile; fileRef = 01C857882BAB01B00096C447 /* Avans_IOSTests.swift */; };
		01C857932BAB01B00096C447 /* Avans_IOSUITests.swift in Sources */ = {isa = PBXBuildFile; fileRef = 01C857922BAB01B00096C447 /* Avans_IOSUITests.swift */; };
		01C857952BAB01B00096C447 /* Avans_IOSUITestsLaunchTests.swift in Sources */ = {isa = PBXBuildFile; fileRef = 01C857942BAB01B00096C447 /* Avans_IOSUITestsLaunchTests.swift */; };
/* End PBXBuildFile section */

/* Begin PBXContainerItemProxy section */
		01C857852BAB01B00096C447 /* PBXContainerItemProxy */ = {
			isa = PBXContainerItemProxy;
			containerPortal = 01C8576A2BAB01AD0096C447 /* Project object */;
			proxyType = 1;
			remoteGlobalIDString = 01C857712BAB01AD0096C447;
			remoteInfo = "Avans-IOS";
		};
		01C8578F2BAB01B00096C447 /* PBXContainerItemProxy */ = {
			isa = PBXContainerItemProxy;
			containerPortal = 01C8576A2BAB01AD0096C447 /* Project object */;
			proxyType = 1;
			remoteGlobalIDString = 01C857712BAB01AD0096C447;
			remoteInfo = "Avans-IOS";
		};
/* End PBXContainerItemProxy section */

/* Begin PBXFileReference section */
		01C857722BAB01AD0096C447 /* Avans-IOS.app */ = {isa = PBXFileReference; explicitFileType = wrapper.application; includeInIndex = 0; path = "Avans-IOS.app"; sourceTree = BUILT_PRODUCTS_DIR; };
		01C857752BAB01AD0096C447 /* Avans_IOSApp.swift */ = {isa = PBXFileReference; lastKnownFileType = sourcecode.swift; path = Avans_IOSApp.swift; sourceTree = "<group>"; };
		01C857772BAB01AD0096C447 /* ContentView.swift */ = {isa = PBXFileReference; lastKnownFileType = sourcecode.swift; path = ContentView.swift; sourceTree = "<group>"; };
		01C857792BAB01AD0096C447 /* Item.swift */ = {isa = PBXFileReference; lastKnownFileType = sourcecode.swift; path = Item.swift; sourceTree = "<group>"; };
		01C8577B2BAB01AF0096C447 /* Assets.xcassets */ = {isa = PBXFileReference; lastKnownFileType = folder.assetcatalog; path = Assets.xcassets; sourceTree = "<group>"; };
		01C8577E2BAB01AF0096C447 /* Preview Assets.xcassets */ = {isa = PBXFileReference; lastKnownFileType = folder.assetcatalog; path = "Preview Assets.xcassets"; sourceTree = "<group>"; };
		01C857842BAB01B00096C447 /* Avans-IOSTests.xctest */ = {isa = PBXFileReference; explicitFileType = wrapper.cfbundle; includeInIndex = 0; path = "Avans-IOSTests.xctest"; sourceTree = BUILT_PRODUCTS_DIR; };
		01C857882BAB01B00096C447 /* Avans_IOSTests.swift */ = {isa = PBXFileReference; lastKnownFileType = sourcecode.swift; path = Avans_IOSTests.swift; sourceTree = "<group>"; };
		01C8578E2BAB01B00096C447 /* Avans-IOSUITests.xctest */ = {isa = PBXFileReference; explicitFileType = wrapper.cfbundle; includeInIndex = 0; path = "Avans-IOSUITests.xctest"; sourceTree = BUILT_PRODUCTS_DIR; };
		01C857922BAB01B00096C447 /* Avans_IOSUITests.swift */ = {isa = PBXFileReference; lastKnownFileType = sourcecode.swift; path = Avans_IOSUITests.swift; sourceTree = "<group>"; };
		01C857942BAB01B00096C447 /* Avans_IOSUITestsLaunchTests.swift */ = {isa = PBXFileReference; lastKnownFileType = sourcecode.swift; path = Avans_IOSUITestsLaunchTests.swift; sourceTree = "<group>"; };
/* End PBXFileReference section */

/* Begin PBXFrameworksBuildPhase section */
		01C8576F2BAB01AD0096C447 /* Frameworks */ = {
			isa = PBXFrameworksBuildPhase;
			buildActionMask = 2147483647;
			files = (
			);
			runOnlyForDeploymentPostprocessing = 0;
		};
		01C857812BAB01B00096C447 /* Frameworks */ = {
			isa = PBXFrameworksBuildPhase;
			buildActionMask = 2147483647;
			files = (
			);
			runOnlyForDeploymentPostprocessing = 0;
		};
		01C8578B2BAB01B00096C447 /* Frameworks */ = {
			isa = PBXFrameworksBuildPhase;
			buildActionMask = 2147483647;
			files = (
			);
			runOnlyForDeploymentPostprocessing = 0;
		};
/* End PBXFrameworksBuildPhase section */

/* Begin PBXGroup section */
		01C857692BAB01AD0096C447 = {
			isa = PBXGroup;
			children = (
				01C857742BAB01AD0096C447 /* Avans-IOS */,
				01C857872BAB01B00096C447 /* Avans-IOSTests */,
				01C857912BAB01B00096C447 /* Avans-IOSUITests */,
				01C857732BAB01AD0096C447 /* Products */,
			);
			sourceTree = "<group>";
		};
		01C857732BAB01AD0096C447 /* Products */ = {
			isa = PBXGroup;
			children = (
				01C857722BAB01AD0096C447 /* Avans-IOS.app */,
				01C857842BAB01B00096C447 /* Avans-IOSTests.xctest */,
				01C8578E2BAB01B00096C447 /* Avans-IOSUITests.xctest */,
			);
			name = Products;
			sourceTree = "<group>";
		};
		01C857742BAB01AD0096C447 /* Avans-IOS */ = {
			isa = PBXGroup;
			children = (
				01C857752BAB01AD0096C447 /* Avans_IOSApp.swift */,
				01C857772BAB01AD0096C447 /* ContentView.swift */,
				01C857792BAB01AD0096C447 /* Item.swift */,
				01C8577B2BAB01AF0096C447 /* Assets.xcassets */,
				01C8577D2BAB01AF0096C447 /* Preview Content */,
			);
			path = "Avans-IOS";
			sourceTree = "<group>";
		};
		01C8577D2BAB01AF0096C447 /* Preview Content */ = {
			isa = PBXGroup;
			children = (
				01C8577E2BAB01AF0096C447 /* Preview Assets.xcassets */,
			);
			path = "Preview Content";
			sourceTree = "<group>";
		};
		01C857872BAB01B00096C447 /* Avans-IOSTests */ = {
			isa = PBXGroup;
			children = (
				01C857882BAB01B00096C447 /* Avans_IOSTests.swift */,
			);
			path = "Avans-IOSTests";
			sourceTree = "<group>";
		};
		01C857912BAB01B00096C447 /* Avans-IOSUITests */ = {
			isa = PBXGroup;
			children = (
				01C857922BAB01B00096C447 /* Avans_IOSUITests.swift */,
				01C857942BAB01B00096C447 /* Avans_IOSUITestsLaunchTests.swift */,
			);
			path = "Avans-IOSUITests";
			sourceTree = "<group>";
		};
/* End PBXGroup section */

/* Begin PBXNativeTarget section */
		01C857712BAB01AD0096C447 /* Avans-IOS */ = {
			isa = PBXNativeTarget;
			buildConfigurationList = 01C857982BAB01B00096C447 /* Build configuration list for PBXNativeTarget "Avans-IOS" */;
			buildPhases = (
				01C8576E2BAB01AD0096C447 /* Sources */,
				01C8576F2BAB01AD0096C447 /* Frameworks */,
				01C857702BAB01AD0096C447 /* Resources */,
			);
			buildRules = (
			);
			dependencies = (
			);
			name = "Avans-IOS";
			productName = "Avans-IOS";
			productReference = 01C857722BAB01AD0096C447 /* Avans-IOS.app */;
			productType = "com.apple.product-type.application";
		};
		01C857832BAB01B00096C447 /* Avans-IOSTests */ = {
			isa = PBXNativeTarget;
			buildConfigurationList = 01C8579B2BAB01B00096C447 /* Build configuration list for PBXNativeTarget "Avans-IOSTests" */;
			buildPhases = (
				01C857802BAB01B00096C447 /* Sources */,
				01C857812BAB01B00096C447 /* Frameworks */,
				01C857822BAB01B00096C447 /* Resources */,
			);
			buildRules = (
			);
			dependencies = (
				01C857862BAB01B00096C447 /* PBXTargetDependency */,
			);
			name = "Avans-IOSTests";
			productName = "Avans-IOSTests";
			productReference = 01C857842BAB01B00096C447 /* Avans-IOSTests.xctest */;
			productType = "com.apple.product-type.bundle.unit-test";
		};
		01C8578D2BAB01B00096C447 /* Avans-IOSUITests */ = {
			isa = PBXNativeTarget;
			buildConfigurationList = 01C8579E2BAB01B00096C447 /* Build configuration list for PBXNativeTarget "Avans-IOSUITests" */;
			buildPhases = (
				01C8578A2BAB01B00096C447 /* Sources */,
				01C8578B2BAB01B00096C447 /* Frameworks */,
				01C8578C2BAB01B00096C447 /* Resources */,
			);
			buildRules = (
			);
			dependencies = (
				01C857902BAB01B00096C447 /* PBXTargetDependency */,
			);
			name = "Avans-IOSUITests";
			productName = "Avans-IOSUITests";
			productReference = 01C8578E2BAB01B00096C447 /* Avans-IOSUITests.xctest */;
			productType = "com.apple.product-type.bundle.ui-testing";
		};
/* End PBXNativeTarget section */

/* Begin PBXProject section */
		01C8576A2BAB01AD0096C447 /* Project object */ = {
			isa = PBXProject;
			attributes = {
				BuildIndependentTargetsInParallel = 1;
				LastSwiftUpdateCheck = 1520;
				LastUpgradeCheck = 1520;
				TargetAttributes = {
					01C857712BAB01AD0096C447 = {
						CreatedOnToolsVersion = 15.2;
					};
					01C857832BAB01B00096C447 = {
						CreatedOnToolsVersion = 15.2;
						TestTargetID = 01C857712BAB01AD0096C447;
					};
					01C8578D2BAB01B00096C447 = {
						CreatedOnToolsVersion = 15.2;
						TestTargetID = 01C857712BAB01AD0096C447;
					};
				};
			};
			buildConfigurationList = 01C8576D2BAB01AD0096C447 /* Build configuration list for PBXProject "Avans-IOS" */;
			compatibilityVersion = "Xcode 14.0";
			developmentRegion = en;
			hasScannedForEncodings = 0;
			knownRegions = (
				en,
				Base,
			);
			mainGroup = 01C857692BAB01AD0096C447;
			productRefGroup = 01C857732BAB01AD0096C447 /* Products */;
			projectDirPath = "";
			projectRoot = "";
			targets = (
				01C857712BAB01AD0096C447 /* Avans-IOS */,
				01C857832BAB01B00096C447 /* Avans-IOSTests */,
				01C8578D2BAB01B00096C447 /* Avans-IOSUITests */,
			);
		};
/* End PBXProject section */

/* Begin PBXResourcesBuildPhase section */
		01C857702BAB01AD0096C447 /* Resources */ = {
			isa = PBXResourcesBuildPhase;
			buildActionMask = 2147483647;
			files = (
				01C8577F2BAB01AF0096C447 /* Preview Assets.xcassets in Resources */,
				01C8577C2BAB01AF0096C447 /* Assets.xcassets in Resources */,
			);
			runOnlyForDeploymentPostprocessing = 0;
		};
		01C857822BAB01B00096C447 /* Resources */ = {
			isa = PBXResourcesBuildPhase;
			buildActionMask = 2147483647;
			files = (
			);
			runOnlyForDeploymentPostprocessing = 0;
		};
		01C8578C2BAB01B00096C447 /* Resources */ = {
			isa = PBXResourcesBuildPhase;
			buildActionMask = 2147483647;
			files = (
			);
			runOnlyForDeploymentPostprocessing = 0;
		};
/* End PBXResourcesBuildPhase section */

/* Begin PBXSourcesBuildPhase section */
		01C8576E2BAB01AD0096C447 /* Sources */ = {
			isa = PBXSourcesBuildPhase;
			buildActionMask = 2147483647;
			files = (
				01C857782BAB01AD0096C447 /* ContentView.swift in Sources */,
				01C8577A2BAB01AD0096C447 /* Item.swift in Sources */,
				01C857762BAB01AD0096C447 /* Avans_IOSApp.swift in Sources */,
			);
			runOnlyForDeploymentPostprocessing = 0;
		};
		01C857802BAB01B00096C447 /* Sources */ = {
			isa = PBXSourcesBuildPhase;
			buildActionMask = 2147483647;
			files = (
				01C857892BAB01B00096C447 /* Avans_IOSTests.swift in Sources */,
			);
			runOnlyForDeploymentPostprocessing = 0;
		};
		01C8578A2BAB01B00096C447 /* Sources */ = {
			isa = PBXSourcesBuildPhase;
			buildActionMask = 2147483647;
			files = (
				01C857952BAB01B00096C447 /* Avans_IOSUITestsLaunchTests.swift in Sources */,
				01C857932BAB01B00096C447 /* Avans_IOSUITests.swift in Sources */,
			);
			runOnlyForDeploymentPostprocessing = 0;
		};
/* End PBXSourcesBuildPhase section */

/* Begin PBXTargetDependency section */
		01C857862BAB01B00096C447 /* PBXTargetDependency */ = {
			isa = PBXTargetDependency;
			target = 01C857712BAB01AD0096C447 /* Avans-IOS */;
			targetProxy = 01C857852BAB01B00096C447 /* PBXContainerItemProxy */;
		};
		01C857902BAB01B00096C447 /* PBXTargetDependency */ = {
			isa = PBXTargetDependency;
			target = 01C857712BAB01AD0096C447 /* Avans-IOS */;
			targetProxy = 01C8578F2BAB01B00096C447 /* PBXContainerItemProxy */;
		};
/* End PBXTargetDependency section */

/* Begin XCBuildConfiguration section */
		01C857962BAB01B00096C447 /* Debug */ = {
			isa = XCBuildConfiguration;
			buildSettings = {
				ALWAYS_SEARCH_USER_PATHS = NO;
				ASSETCATALOG_COMPILER_GENERATE_SWIFT_ASSET_SYMBOL_EXTENSIONS = YES;
				CLANG_ANALYZER_NONNULL = YES;
				CLANG_ANALYZER_NUMBER_OBJECT_CONVERSION = YES_AGGRESSIVE;
				CLANG_CXX_LANGUAGE_STANDARD = "gnu++20";
				CLANG_ENABLE_MODULES = YES;
				CLANG_ENABLE_OBJC_ARC = YES;
				CLANG_ENABLE_OBJC_WEAK = YES;
				CLANG_WARN_BLOCK_CAPTURE_AUTORELEASING = YES;
				CLANG_WARN_BOOL_CONVERSION = YES;
				CLANG_WARN_COMMA = YES;
				CLANG_WARN_CONSTANT_CONVERSION = YES;
				CLANG_WARN_DEPRECATED_OBJC_IMPLEMENTATIONS = YES;
				CLANG_WARN_DIRECT_OBJC_ISA_USAGE = YES_ERROR;
				CLANG_WARN_DOCUMENTATION_COMMENTS = YES;
				CLANG_WARN_EMPTY_BODY = YES;
				CLANG_WARN_ENUM_CONVERSION = YES;
				CLANG_WARN_INFINITE_RECURSION = YES;
				CLANG_WARN_INT_CONVERSION = YES;
				CLANG_WARN_NON_LITERAL_NULL_CONVERSION = YES;
				CLANG_WARN_OBJC_IMPLICIT_RETAIN_SELF = YES;
				CLANG_WARN_OBJC_LITERAL_CONVERSION = YES;
				CLANG_WARN_OBJC_ROOT_CLASS = YES_ERROR;
				CLANG_WARN_QUOTED_INCLUDE_IN_FRAMEWORK_HEADER = YES;
				CLANG_WARN_RANGE_LOOP_ANALYSIS = YES;
				CLANG_WARN_STRICT_PROTOTYPES = YES;
				CLANG_WARN_SUSPICIOUS_MOVE = YES;
				CLANG_WARN_UNGUARDED_AVAILABILITY = YES_AGGRESSIVE;
				CLANG_WARN_UNREACHABLE_CODE = YES;
				CLANG_WARN__DUPLICATE_METHOD_MATCH = YES;
				COPY_PHASE_STRIP = NO;
				DEBUG_INFORMATION_FORMAT = dwarf;
				ENABLE_STRICT_OBJC_MSGSEND = YES;
				ENABLE_TESTABILITY = YES;
				ENABLE_USER_SCRIPT_SANDBOXING = YES;
				GCC_C_LANGUAGE_STANDARD = gnu17;
				GCC_DYNAMIC_NO_PIC = NO;
				GCC_NO_COMMON_BLOCKS = YES;
				GCC_OPTIMIZATION_LEVEL = 0;
				GCC_PREPROCESSOR_DEFINITIONS = (
					"DEBUG=1",
					"$(inherited)",
				);
				GCC_WARN_64_TO_32_BIT_CONVERSION = YES;
				GCC_WARN_ABOUT_RETURN_TYPE = YES_ERROR;
				GCC_WARN_UNDECLARED_SELECTOR = YES;
				GCC_WARN_UNINITIALIZED_AUTOS = YES_AGGRESSIVE;
				GCC_WARN_UNUSED_FUNCTION = YES;
				GCC_WARN_UNUSED_VARIABLE = YES;
				IPHONEOS_DEPLOYMENT_TARGET = 17.2;
				LOCALIZATION_PREFERS_STRING_CATALOGS = YES;
				MTL_ENABLE_DEBUG_INFO = INCLUDE_SOURCE;
				MTL_FAST_MATH = YES;
				ONLY_ACTIVE_ARCH = YES;
				SDKROOT = iphoneos;
				SWIFT_ACTIVE_COMPILATION_CONDITIONS = "DEBUG $(inherited)";
				SWIFT_OPTIMIZATION_LEVEL = "-Onone";
			};
			name = Debug;
		};
		01C857972BAB01B00096C447 /* Release */ = {
			isa = XCBuildConfiguration;
			buildSettings = {
				ALWAYS_SEARCH_USER_PATHS = NO;
				ASSETCATALOG_COMPILER_GENERATE_SWIFT_ASSET_SYMBOL_EXTENSIONS = YES;
				CLANG_ANALYZER_NONNULL = YES;
				CLANG_ANALYZER_NUMBER_OBJECT_CONVERSION = YES_AGGRESSIVE;
				CLANG_CXX_LANGUAGE_STANDARD = "gnu++20";
				CLANG_ENABLE_MODULES = YES;
				CLANG_ENABLE_OBJC_ARC = YES;
				CLANG_ENABLE_OBJC_WEAK = YES;
				CLANG_WARN_BLOCK_CAPTURE_AUTORELEASING = YES;
				CLANG_WARN_BOOL_CONVERSION = YES;
				CLANG_WARN_COMMA = YES;
				CLANG_WARN_CONSTANT_CONVERSION = YES;
				CLANG_WARN_DEPRECATED_OBJC_IMPLEMENTATIONS = YES;
				CLANG_WARN_DIRECT_OBJC_ISA_USAGE = YES_ERROR;
				CLANG_WARN_DOCUMENTATION_COMMENTS = YES;
				CLANG_WARN_EMPTY_BODY = YES;
				CLANG_WARN_ENUM_CONVERSION = YES;
				CLANG_WARN_INFINITE_RECURSION = YES;
				CLANG_WARN_INT_CONVERSION = YES;
				CLANG_WARN_NON_LITERAL_NULL_CONVERSION = YES;
				CLANG_WARN_OBJC_IMPLICIT_RETAIN_SELF = YES;
				CLANG_WARN_OBJC_LITERAL_CONVERSION = YES;
				CLANG_WARN_OBJC_ROOT_CLASS = YES_ERROR;
				CLANG_WARN_QUOTED_INCLUDE_IN_FRAMEWORK_HEADER = YES;
				CLANG_WARN_RANGE_LOOP_ANALYSIS = YES;
				CLANG_WARN_STRICT_PROTOTYPES = YES;
				CLANG_WARN_SUSPICIOUS_MOVE = YES;
				CLANG_WARN_UNGUARDED_AVAILABILITY = YES_AGGRESSIVE;
				CLANG_WARN_UNREACHABLE_CODE = YES;
				CLANG_WARN__DUPLICATE_METHOD_MATCH = YES;
				COPY_PHASE_STRIP = NO;
				DEBUG_INFORMATION_FORMAT = "dwarf-with-dsym";
				ENABLE_NS_ASSERTIONS = NO;
				ENABLE_STRICT_OBJC_MSGSEND = YES;
				ENABLE_USER_SCRIPT_SANDBOXING = YES;
				GCC_C_LANGUAGE_STANDARD = gnu17;
				GCC_NO_COMMON_BLOCKS = YES;
				GCC_WARN_64_TO_32_BIT_CONVERSION = YES;
				GCC_WARN_ABOUT_RETURN_TYPE = YES_ERROR;
				GCC_WARN_UNDECLARED_SELECTOR = YES;
				GCC_WARN_UNINITIALIZED_AUTOS = YES_AGGRESSIVE;
				GCC_WARN_UNUSED_FUNCTION = YES;
				GCC_WARN_UNUSED_VARIABLE = YES;
				IPHONEOS_DEPLOYMENT_TARGET = 17.2;
				LOCALIZATION_PREFERS_STRING_CATALOGS = YES;
				MTL_ENABLE_DEBUG_INFO = NO;
				MTL_FAST_MATH = YES;
				SDKROOT = iphoneos;
				SWIFT_COMPILATION_MODE = wholemodule;
				VALIDATE_PRODUCT = YES;
			};
			name = Release;
		};
		01C857992BAB01B00096C447 /* Debug */ = {
			isa = XCBuildConfiguration;
			buildSettings = {
				ASSETCATALOG_COMPILER_APPICON_NAME = AppIcon;
				ASSETCATALOG_COMPILER_GLOBAL_ACCENT_COLOR_NAME = AccentColor;
				CODE_SIGN_STYLE = Automatic;
				CURRENT_PROJECT_VERSION = 1;
				DEVELOPMENT_ASSET_PATHS = "\"Avans-IOS/Preview Content\"";
				ENABLE_PREVIEWS = YES;
				GENERATE_INFOPLIST_FILE = YES;
				INFOPLIST_KEY_UIApplicationSceneManifest_Generation = YES;
				INFOPLIST_KEY_UIApplicationSupportsIndirectInputEvents = YES;
				INFOPLIST_KEY_UILaunchScreen_Generation = YES;
				INFOPLIST_KEY_UISupportedInterfaceOrientations_iPad = "UIInterfaceOrientationPortrait UIInterfaceOrientationPortraitUpsideDown UIInterfaceOrientationLandscapeLeft UIInterfaceOrientationLandscapeRight";
				INFOPLIST_KEY_UISupportedInterfaceOrientations_iPhone = "UIInterfaceOrientationPortrait UIInterfaceOrientationLandscapeLeft UIInterfaceOrientationLandscapeRight";
				LD_RUNPATH_SEARCH_PATHS = (
					"$(inherited)",
					"@executable_path/Frameworks",
				);
				MARKETING_VERSION = 1.0;
				PRODUCT_BUNDLE_IDENTIFIER = "Avans.Avans-IOS";
				PRODUCT_NAME = "$(TARGET_NAME)";
				SWIFT_EMIT_LOC_STRINGS = YES;
				SWIFT_VERSION = 5.0;
				TARGETED_DEVICE_FAMILY = "1,2";
			};
			name = Debug;
		};
		01C8579A2BAB01B00096C447 /* Release */ = {
			isa = XCBuildConfiguration;
			buildSettings = {
				ASSETCATALOG_COMPILER_APPICON_NAME = AppIcon;
				ASSETCATALOG_COMPILER_GLOBAL_ACCENT_COLOR_NAME = AccentColor;
				CODE_SIGN_STYLE = Automatic;
				CURRENT_PROJECT_VERSION = 1;
				DEVELOPMENT_ASSET_PATHS = "\"Avans-IOS/Preview Content\"";
				ENABLE_PREVIEWS = YES;
				GENERATE_INFOPLIST_FILE = YES;
				INFOPLIST_KEY_UIApplicationSceneManifest_Generation = YES;
				INFOPLIST_KEY_UIApplicationSupportsIndirectInputEvents = YES;
				INFOPLIST_KEY_UILaunchScreen_Generation = YES;
				INFOPLIST_KEY_UISupportedInterfaceOrientations_iPad = "UIInterfaceOrientationPortrait UIInterfaceOrientationPortraitUpsideDown UIInterfaceOrientationLandscapeLeft UIInterfaceOrientationLandscapeRight";
				INFOPLIST_KEY_UISupportedInterfaceOrientations_iPhone = "UIInterfaceOrientationPortrait UIInterfaceOrientationLandscapeLeft UIInterfaceOrientationLandscapeRight";
				LD_RUNPATH_SEARCH_PATHS = (
					"$(inherited)",
					"@executable_path/Frameworks",
				);
				MARKETING_VERSION = 1.0;
				PRODUCT_BUNDLE_IDENTIFIER = "Avans.Avans-IOS";
				PRODUCT_NAME = "$(TARGET_NAME)";
				SWIFT_EMIT_LOC_STRINGS = YES;
				SWIFT_VERSION = 5.0;
				TARGETED_DEVICE_FAMILY = "1,2";
			};
			name = Release;
		};
		01C8579C2BAB01B00096C447 /* Debug */ = {
			isa = XCBuildConfiguration;
			buildSettings = {
				ALWAYS_EMBED_SWIFT_STANDARD_LIBRARIES = YES;
				BUNDLE_LOADER = "$(TEST_HOST)";
				CODE_SIGN_STYLE = Automatic;
				CURRENT_PROJECT_VERSION = 1;
				GENERATE_INFOPLIST_FILE = YES;
				IPHONEOS_DEPLOYMENT_TARGET = 17.2;
				MARKETING_VERSION = 1.0;
				PRODUCT_BUNDLE_IDENTIFIER = "Avans.Avans-IOSTests";
				PRODUCT_NAME = "$(TARGET_NAME)";
				SWIFT_EMIT_LOC_STRINGS = NO;
				SWIFT_VERSION = 5.0;
				TARGETED_DEVICE_FAMILY = "1,2";
				TEST_HOST = "$(BUILT_PRODUCTS_DIR)/Avans-IOS.app/$(BUNDLE_EXECUTABLE_FOLDER_PATH)/Avans-IOS";
			};
			name = Debug;
		};
		01C8579D2BAB01B00096C447 /* Release */ = {
			isa = XCBuildConfiguration;
			buildSettings = {
				ALWAYS_EMBED_SWIFT_STANDARD_LIBRARIES = YES;
				BUNDLE_LOADER = "$(TEST_HOST)";
				CODE_SIGN_STYLE = Automatic;
				CURRENT_PROJECT_VERSION = 1;
				GENERATE_INFOPLIST_FILE = YES;
				IPHONEOS_DEPLOYMENT_TARGET = 17.2;
				MARKETING_VERSION = 1.0;
				PRODUCT_BUNDLE_IDENTIFIER = "Avans.Avans-IOSTests";
				PRODUCT_NAME = "$(TARGET_NAME)";
				SWIFT_EMIT_LOC_STRINGS = NO;
				SWIFT_VERSION = 5.0;
				TARGETED_DEVICE_FAMILY = "1,2";
				TEST_HOST = "$(BUILT_PRODUCTS_DIR)/Avans-IOS.app/$(BUNDLE_EXECUTABLE_FOLDER_PATH)/Avans-IOS";
			};
			name = Release;
		};
		01C8579F2BAB01B00096C447 /* Debug */ = {
			isa = XCBuildConfiguration;
			buildSettings = {
				ALWAYS_EMBED_SWIFT_STANDARD_LIBRARIES = YES;
				CODE_SIGN_STYLE = Automatic;
				CURRENT_PROJECT_VERSION = 1;
				GENERATE_INFOPLIST_FILE = YES;
				MARKETING_VERSION = 1.0;
				PRODUCT_BUNDLE_IDENTIFIER = "Avans.Avans-IOSUITests";
				PRODUCT_NAME = "$(TARGET_NAME)";
				SWIFT_EMIT_LOC_STRINGS = NO;
				SWIFT_VERSION = 5.0;
				TARGETED_DEVICE_FAMILY = "1,2";
				TEST_TARGET_NAME = "Avans-IOS";
			};
			name = Debug;
		};
		01C857A02BAB01B00096C447 /* Release */ = {
			isa = XCBuildConfiguration;
			buildSettings = {
				ALWAYS_EMBED_SWIFT_STANDARD_LIBRARIES = YES;
				CODE_SIGN_STYLE = Automatic;
				CURRENT_PROJECT_VERSION = 1;
				GENERATE_INFOPLIST_FILE = YES;
				MARKETING_VERSION = 1.0;
				PRODUCT_BUNDLE_IDENTIFIER = "Avans.Avans-IOSUITests";
				PRODUCT_NAME = "$(TARGET_NAME)";
				SWIFT_EMIT_LOC_STRINGS = NO;
				SWIFT_VERSION = 5.0;
				TARGETED_DEVICE_FAMILY = "1,2";
				TEST_TARGET_NAME = "Avans-IOS";
			};
			name = Release;
		};
/* End XCBuildConfiguration section */

/* Begin XCConfigurationList section */
		01C8576D2BAB01AD0096C447 /* Build configuration list for PBXProject "Avans-IOS" */ = {
			isa = XCConfigurationList;
			buildConfigurations = (
				01C857962BAB01B00096C447 /* Debug */,
				01C857972BAB01B00096C447 /* Release */,
			);
			defaultConfigurationIsVisible = 0;
			defaultConfigurationName = Release;
		};
		01C857982BAB01B00096C447 /* Build configuration list for PBXNativeTarget "Avans-IOS" */ = {
			isa = XCConfigurationList;
			buildConfigurations = (
				01C857992BAB01B00096C447 /* Debug */,
				01C8579A2BAB01B00096C447 /* Release */,
			);
			defaultConfigurationIsVisible = 0;
			defaultConfigurationName = Release;
		};
		01C8579B2BAB01B00096C447 /* Build configuration list for PBXNativeTarget "Avans-IOSTests" */ = {
			isa = XCConfigurationList;
			buildConfigurations = (
				01C8579C2BAB01B00096C447 /* Debug */,
				01C8579D2BAB01B00096C447 /* Release */,
			);
			defaultConfigurationIsVisible = 0;
			defaultConfigurationName = Release;
		};
		01C8579E2BAB01B00096C447 /* Build configuration list for PBXNativeTarget "Avans-IOSUITests" */ = {
			isa = XCConfigurationList;
			buildConfigurations = (
				01C8579F2BAB01B00096C447 /* Debug */,
				01C857A02BAB01B00096C447 /* Release */,
			);
			defaultConfigurationIsVisible = 0;
			defaultConfigurationName = Release;
		};
/* End XCConfigurationList section */
	};
	rootObject = 01C8576A2BAB01AD0096C447 /* Project object */;
}
